
Microsoft Visual Studio Solution File, Format Version 12.00
# Visual Studio Version 17
VisualStudioVersion = 17.14.36309.24
MinimumVisualStudioVersion = 10.0.40219.1
Project("{FAE04EC0-301F-11D3-BF4B-00C04F79EFBC}") = "Grid.Core", "src\Grid.Core\Grid.Core.csproj", "{42A8588D-31CC-4D98-B3A8-6678662DBE01}"
EndProject
Project("{FAE04EC0-301F-11D3-BF4B-00C04F79EFBC}") = "Grid.App", "src\Grid.App\Grid.App.csproj", "{F2087A46-660E-44DD-9649-E8884E49DE4C}"
EndProject
Project("{FAE04EC0-301F-11D3-BF4B-00C04F79EFBC}") = "Grid.Core.Tests", "tests\Grid.Core.Tests\Grid.Core.Tests.csproj", "{AF7A7E54-F55C-4C24-86C5-937980788E19}"
EndProject
Project("{FAE04EC0-301F-11D3-BF4B-00C04F79EFBC}") = "Grid.Mo2", "src\Grid.Mo2\Grid.Mo2.csproj", "{E6A51F18-D9A6-44C1-A652-316A766F2AD4}"
EndProject
Project("{FAE04EC0-301F-11D3-BF4B-00C04F79EFBC}") = "Grid.Mo2.Tests", "tests\Grid.Mo2.Tests\Grid.Mo2.Tests.csproj", "{9A6054EB-D176-4CC8-9F9E-68830BA21AA5}"
EndProject
Project("{FAE04EC0-301F-11D3-BF4B-00C04F79EFBC}") = "Grid.App.UiTests", "tests\Grid.App.UiTests\Grid.App.UiTests.csproj", "{C7A1A19C-A512-469A-AF62-342F4CEB29EC}"
EndProject
Project("{FAE04EC0-301F-11D3-BF4B-00C04F79EFBC}") = "Grid.DevLauncher", "src\Grid.DevLauncher\Grid.DevLauncher.csproj", "{0E5E9637-6DB2-4FC5-AB49-B8D910B7DA5A}"
EndProject
Project("{FAE04EC0-301F-11D3-BF4B-00C04F79EFBC}") = "Grid.DevLauncher.Tests", "tests\Grid.DevLauncher.Tests\Grid.DevLauncher.Tests.csproj", "{C1D32497-779F-4E03-A57A-8C1B28F4E1A0}"
EndProject
Project("{FAE04EC0-301F-11D3-BF4B-00C04F79EFBC}") = "Grid.Diagnostics", "src\Grid.Diagnostics\Grid.Diagnostics.csproj", "{1F597DC6-DFB7-4DBD-A197-9969D788E8C6}"
EndProject
Project("{FAE04EC0-301F-11D3-BF4B-00C04F79EFBC}") = "Grid.GtaV.Knowledge", "src\Grid.GtaV.Knowledge\Grid.GtaV.Knowledge.csproj", "{B8C6E37E-70C6-4D70-93B7-889112CFD1A1}"
EndProject
Project("{FAE04EC0-301F-11D3-BF4B-00C04F79EFBC}") = "Grid.GtaVEnhanced.Canary", "eng\catalog\Grid.GtaVEnhanced.Canary\Grid.GtaVEnhanced.Canary.csproj", "{A0AE0713-E34E-48B6-B723-D773408A9BA9}"
EndProject
Project("{FAE04EC0-301F-11D3-BF4B-00C04F79EFBC}") = "Grid.GtaV.Knowledge.Tests", "tests\Grid.GtaV.Knowledge.Tests\Grid.GtaV.Knowledge.Tests.csproj", "{AA02BB99-9265-43E0-B582-C11A70118E19}"
EndProject
Project("{2150E333-8FDC-42A3-9474-1A3956D46DE8}") = "src", "src", "{827E0CD3-B72D-47B6-A68D-7590B98EB39B}"
EndProject
Project("{FAE04EC0-301F-11D3-BF4B-00C04F79EFBC}") = "Grid.GtaV.Enrichment.Knowledge", "src\Grid.GtaV.Enrichment.Knowledge\Grid.GtaV.Enrichment.Knowledge.csproj", "{6D679B74-0389-46DC-94FA-07DF3A7D457D}"
EndProject
Global
	GlobalSection(SolutionConfigurationPlatforms) = preSolution
		Debug|x64 = Debug|x64
		Debug|Any CPU = Debug|Any CPU
		Debug|x86 = Debug|x86
		Release|x64 = Release|x64
		Release|Any CPU = Release|Any CPU
		Release|x86 = Release|x86
	EndGlobalSection
	GlobalSection(ProjectConfigurationPlatforms) = postSolution
		{42A8588D-31CC-4D98-B3A8-6678662DBE01}.Debug|x64.ActiveCfg = Debug|x64
		{42A8588D-31CC-4D98-B3A8-6678662DBE01}.Debug|x64.Build.0 = Debug|x64
		{42A8588D-31CC-4D98-B3A8-6678662DBE01}.Debug|Any CPU.ActiveCfg = Debug|Any CPU
		{42A8588D-31CC-4D98-B3A8-6678662DBE01}.Debug|Any CPU.Build.0 = Debug|Any CPU
		{42A8588D-31CC-4D98-B3A8-6678662DBE01}.Debug|x86.ActiveCfg = Debug|Any CPU
		{42A8588D-31CC-4D98-B3A8-6678662DBE01}.Debug|x86.Build.0 = Debug|Any CPU
		{42A8588D-31CC-4D98-B3A8-6678662DBE01}.Release|x64.ActiveCfg = Release|x64
		{42A8588D-31CC-4D98-B3A8-6678662DBE01}.Release|x64.Build.0 = Release|x64
		{42A8588D-31CC-4D98-B3A8-6678662DBE01}.Release|Any CPU.ActiveCfg = Release|Any CPU
		{42A8588D-31CC-4D98-B3A8-6678662DBE01}.Release|Any CPU.Build.0 = Release|Any CPU
		{42A8588D-31CC-4D98-B3A8-6678662DBE01}.Release|x86.ActiveCfg = Release|Any CPU
		{42A8588D-31CC-4D98-B3A8-6678662DBE01}.Release|x86.Build.0 = Release|Any CPU
		{F2087A46-660E-44DD-9649-E8884E49DE4C}.Debug|x64.ActiveCfg = Debug|x64
		{F2087A46-660E-44DD-9649-E8884E49DE4C}.Debug|x64.Build.0 = Debug|x64
		{F2087A46-660E-44DD-9649-E8884E49DE4C}.Debug|Any CPU.ActiveCfg = Debug|Any CPU
		{F2087A46-660E-44DD-9649-E8884E49DE4C}.Debug|Any CPU.Build.0 = Debug|Any CPU
		{F2087A46-660E-44DD-9649-E8884E49DE4C}.Debug|x86.ActiveCfg = Debug|Any CPU
		{F2087A46-660E-44DD-9649-E8884E49DE4C}.Debug|x86.Build.0 = Debug|Any CPU
		{F2087A46-660E-44DD-9649-E8884E49DE4C}.Release|x64.ActiveCfg = Release|x64
		{F2087A46-660E-44DD-9649-E8884E49DE4C}.Release|x64.Build.0 = Release|x64
		{F2087A46-660E-44DD-9649-E8884E49DE4C}.Release|Any CPU.ActiveCfg = Release|Any CPU
		{F2087A46-660E-44DD-9649-E8884E49DE4C}.Release|Any CPU.Build.0 = Release|Any CPU
		{F2087A46-660E-44DD-9649-E8884E49DE4C}.Release|x86.ActiveCfg = Release|Any CPU
		{F2087A46-660E-44DD-9649-E8884E49DE4C}.Release|x86.Build.0 = Release|Any CPU
		{AF7A7E54-F55C-4C24-86C5-937980788E19}.Debug|x64.ActiveCfg = Debug|x64
		{AF7A7E54-F55C-4C24-86C5-937980788E19}.Debug|x64.Build.0 = Debug|x64
		{AF7A7E54-F55C-4C24-86C5-937980788E19}.Debug|Any CPU.ActiveCfg = Debug|Any CPU
		{AF7A7E54-F55C-4C24-86C5-937980788E19}.Debug|Any CPU.Build.0 = Debug|Any CPU
		{AF7A7E54-F55C-4C24-86C5-937980788E19}.Debug|x86.ActiveCfg = Debug|Any CPU
		{AF7A7E54-F55C-4C24-86C5-937980788E19}.Debug|x86.Build.0 = Debug|Any CPU
		{AF7A7E54-F55C-4C24-86C5-937980788E19}.Release|x64.ActiveCfg = Release|x64
		{AF7A7E54-F55C-4C24-86C5-937980788E19}.Release|x64.Build.0 = Release|x64
		{AF7A7E54-F55C-4C24-86C5-937980788E19}.Release|Any CPU.ActiveCfg = Release|Any CPU
		{AF7A7E54-F55C-4C24-86C5-937980788E19}.Release|Any CPU.Build.0 = Release|Any CPU
		{AF7A7E54-F55C-4C24-86C5-937980788E19}.Release|x86.ActiveCfg = Release|Any CPU
		{AF7A7E54-F55C-4C24-86C5-937980788E19}.Release|x86.Build.0 = Release|Any CPU
		{E6A51F18-D9A6-44C1-A652-316A766F2AD4}.Debug|x64.ActiveCfg = Debug|x64
		{E6A51F18-D9A6-44C1-A652-316A766F2AD4}.Debug|x64.Build.0 = Debug|x64
		{E6A51F18-D9A6-44C1-A652-316A766F2AD4}.Debug|Any CPU.ActiveCfg = Debug|Any CPU
		{E6A51F18-D9A6-44C1-A652-316A766F2AD4}.Debug|Any CPU.Build.0 = Debug|Any CPU
		{E6A51F18-D9A6-44C1-A652-316A766F2AD4}.Debug|x86.ActiveCfg = Debug|Any CPU
		{E6A51F18-D9A6-44C1-A652-316A766F2AD4}.Debug|x86.Build.0 = Debug|Any CPU
		{E6A51F18-D9A6-44C1-A652-316A766F2AD4}.Release|x64.ActiveCfg = Release|x64
		{E6A51F18-D9A6-44C1-A652-316A766F2AD4}.Release|x64.Build.0 = Release|x64
		{E6A51F18-D9A6-44C1-A652-316A766F2AD4}.Release|Any CPU.ActiveCfg = Release|Any CPU
		{E6A51F18-D9A6-44C1-A652-316A766F2AD4}.Release|Any CPU.Build.0 = Release|Any CPU
		{E6A51F18-D9A6-44C1-A652-316A766F2AD4}.Release|x86.ActiveCfg = Release|Any CPU
		{E6A51F18-D9A6-44C1-A652-316A766F2AD4}.Release|x86.Build.0 = Release|Any CPU
		{9A6054EB-D176-4CC8-9F9E-68830BA21AA5}.Debug|x64.ActiveCfg = Debug|x64
		{9A6054EB-D176-4CC8-9F9E-68830BA21AA5}.Debug|x64.Build.0 = Debug|x64
		{9A6054EB-D176-4CC8-9F9E-68830BA21AA5}.Debug|Any CPU.ActiveCfg = Debug|Any CPU
		{9A6054EB-D176-4CC8-9F9E-68830BA21AA5}.Debug|Any CPU.Build.0 = Debug|Any CPU
		{9A6054EB-D176-4CC8-9F9E-68830BA21AA5}.Debug|x86.ActiveCfg = Debug|Any CPU
		{9A6054EB-D176-4CC8-9F9E-68830BA21AA5}.Debug|x86.Build.0 = Debug|Any CPU
		{9A6054EB-D176-4CC8-9F9E-68830BA21AA5}.Release|x64.ActiveCfg = Release|x64
		{9A6054EB-D176-4CC8-9F9E-68830BA21AA5}.Release|x64.Build.0 = Release|x64
		{9A6054EB-D176-4CC8-9F9E-68830BA21AA5}.Release|Any CPU.ActiveCfg = Release|Any CPU
		{9A6054EB-D176-4CC8-9F9E-68830BA21AA5}.Release|Any CPU.Build.0 = Release|Any CPU
		{9A6054EB-D176-4CC8-9F9E-68830BA21AA5}.Release|x86.ActiveCfg = Release|Any CPU
		{9A6054EB-D176-4CC8-9F9E-68830BA21AA5}.Release|x86.Build.0 = Release|Any CPU
		{C7A1A19C-A512-469A-AF62-342F4CEB29EC}.Debug|x64.ActiveCfg = Debug|x64
		{C7A1A19C-A512-469A-AF62-342F4CEB29EC}.Debug|x64.Build.0 = Debug|x64
		{C7A1A19C-A512-469A-AF62-342F4CEB29EC}.Debug|Any CPU.ActiveCfg = Debug|Any CPU
		{C7A1A19C-A512-469A-AF62-342F4CEB29EC}.Debug|Any CPU.Build.0 = Debug|Any CPU
		{C7A1A19C-A512-469A-AF62-342F4CEB29EC}.Debug|x86.ActiveCfg = Debug|Any CPU
		{C7A1A19C-A512-469A-AF62-342F4CEB29EC}.Debug|x86.Build.0 = Debug|Any CPU
		{C7A1A19C-A512-469A-AF62-342F4CEB29EC}.Release|x64.ActiveCfg = Release|x64
		{C7A1A19C-A512-469A-AF62-342F4CEB29EC}.Release|x64.Build.0 = Release|x64
		{C7A1A19C-A512-469A-AF62-342F4CEB29EC}.Release|Any CPU.ActiveCfg = Release|Any CPU
		{C7A1A19C-A512-469A-AF62-342F4CEB29EC}.Release|Any CPU.Build.0 = Release|Any CPU
		{C7A1A19C-A512-469A-AF62-342F4CEB29EC}.Release|x86.ActiveCfg = Release|Any CPU
		{C7A1A19C-A512-469A-AF62-342F4CEB29EC}.Release|x86.Build.0 = Release|Any CPU
		{0E5E9637-6DB2-4FC5-AB49-B8D910B7DA5A}.Debug|x64.ActiveCfg = Debug|x64
		{0E5E9637-6DB2-4FC5-AB49-B8D910B7DA5A}.Debug|x64.Build.0 = Debug|x64
		{0E5E9637-6DB2-4FC5-AB49-B8D910B7DA5A}.Debug|Any CPU.ActiveCfg = Debug|Any CPU
		{0E5E9637-6DB2-4FC5-AB49-B8D910B7DA5A}.Debug|Any CPU.Build.0 = Debug|Any CPU
		{0E5E9637-6DB2-4FC5-AB49-B8D910B7DA5A}.Debug|x86.ActiveCfg = Debug|Any CPU
		{0E5E9637-6DB2-4FC5-AB49-B8D910B7DA5A}.Debug|x86.Build.0 = Debug|Any CPU
		{0E5E9637-6DB2-4FC5-AB49-B8D910B7DA5A}.Release|x64.ActiveCfg = Release|x64
		{0E5E9637-6DB2-4FC5-AB49-B8D910B7DA5A}.Release|x64.Build.0 = Release|x64
		{0E5E9637-6DB2-4FC5-AB49-B8D910B7DA5A}.Release|Any CPU.ActiveCfg = Release|Any CPU
		{0E5E9637-6DB2-4FC5-AB49-B8D910B7DA5A}.Release|Any CPU.Build.0 = Release|Any CPU
		{0E5E9637-6DB2-4FC5-AB49-B8D910B7DA5A}.Release|x86.ActiveCfg = Release|Any CPU
		{0E5E9637-6DB2-4FC5-AB49-B8D910B7DA5A}.Release|x86.Build.0 = Release|Any CPU
		{C1D32497-779F-4E03-A57A-8C1B28F4E1A0}.Debug|x64.ActiveCfg = Debug|x64
		{C1D32497-779F-4E03-A57A-8C1B28F4E1A0}.Debug|x64.Build.0 = Debug|x64
		{C1D32497-779F-4E03-A57A-8C1B28F4E1A0}.Debug|Any CPU.ActiveCfg = Debug|Any CPU
		{C1D32497-779F-4E03-A57A-8C1B28F4E1A0}.Debug|Any CPU.Build.0 = Debug|Any CPU
		{C1D32497-779F-4E03-A57A-8C1B28F4E1A0}.Debug|x86.ActiveCfg = Debug|Any CPU
		{C1D32497-779F-4E03-A57A-8C1B28F4E1A0}.Debug|x86.Build.0 = Debug|Any CPU
		{C1D32497-779F-4E03-A57A-8C1B28F4E1A0}.Release|x64.ActiveCfg = Release|x64
		{C1D32497-779F-4E03-A57A-8C1B28F4E1A0}.Release|x64.Build.0 = Release|x64
		{C1D32497-779F-4E03-A57A-8C1B28F4E1A0}.Release|Any CPU.ActiveCfg = Release|Any CPU
		{C1D32497-779F-4E03-A57A-8C1B28F4E1A0}.Release|Any CPU.Build.0 = Release|Any CPU
		{C1D32497-779F-4E03-A57A-8C1B28F4E1A0}.Release|x86.ActiveCfg = Release|Any CPU
		{C1D32497-779F-4E03-A57A-8C1B28F4E1A0}.Release|x86.Build.0 = Release|Any CPU
		{1F597DC6-DFB7-4DBD-A197-9969D788E8C6}.Debug|x64.ActiveCfg = Debug|x64
		{1F597DC6-DFB7-4DBD-A197-9969D788E8C6}.Debug|x64.Build.0 = Debug|x64
		{1F597DC6-DFB7-4DBD-A197-9969D788E8C6}.Debug|Any CPU.ActiveCfg = Debug|Any CPU
		{1F597DC6-DFB7-4DBD-A197-9969D788E8C6}.Debug|Any CPU.Build.0 = Debug|Any CPU
		{1F597DC6-DFB7-4DBD-A197-9969D788E8C6}.Debug|x86.ActiveCfg = Debug|Any CPU
		{1F597DC6-DFB7-4DBD-A197-9969D788E8C6}.Debug|x86.Build.0 = Debug|Any CPU
		{1F597DC6-DFB7-4DBD-A197-9969D788E8C6}.Release|x64.ActiveCfg = Release|x64
		{1F597DC6-DFB7-4DBD-A197-9969D788E8C6}.Release|x64.Build.0 = Release|x64
		{1F597DC6-DFB7-4DBD-A197-9969D788E8C6}.Release|Any CPU.ActiveCfg = Release|Any CPU
		{1F597DC6-DFB7-4DBD-A197-9969D788E8C6}.Release|Any CPU.Build.0 = Release|Any CPU
		{1F597DC6-DFB7-4DBD-A197-9969D788E8C6}.Release|x86.ActiveCfg = Release|Any CPU
		{1F597DC6-DFB7-4DBD-A197-9969D788E8C6}.Release|x86.Build.0 = Release|Any CPU
		{B8C6E37E-70C6-4D70-93B7-889112CFD1A1}.Debug|x64.ActiveCfg = Debug|x64
		{B8C6E37E-70C6-4D70-93B7-889112CFD1A1}.Debug|x64.Build.0 = Debug|x64
		{B8C6E37E-70C6-4D70-93B7-889112CFD1A1}.Debug|Any CPU.ActiveCfg = Debug|Any CPU
		{B8C6E37E-70C6-4D70-93B7-889112CFD1A1}.Debug|Any CPU.Build.0 = Debug|Any CPU
		{B8C6E37E-70C6-4D70-93B7-889112CFD1A1}.Debug|x86.ActiveCfg = Debug|Any CPU
		{B8C6E37E-70C6-4D70-93B7-889112CFD1A1}.Debug|x86.Build.0 = Debug|Any CPU
		{B8C6E37E-70C6-4D70-93B7-889112CFD1A1}.Release|x64.ActiveCfg = Release|x64
		{B8C6E37E-70C6-4D70-93B7-889112CFD1A1}.Release|x64.Build.0 = Release|x64
		{B8C6E37E-70C6-4D70-93B7-889112CFD1A1}.Release|Any CPU.ActiveCfg = Release|Any CPU
		{B8C6E37E-70C6-4D70-93B7-889112CFD1A1}.Release|Any CPU.Build.0 = Release|Any CPU
		{B8C6E37E-70C6-4D70-93B7-889112CFD1A1}.Release|x86.ActiveCfg = Release|Any CPU
		{B8C6E37E-70C6-4D70-93B7-889112CFD1A1}.Release|x86.Build.0 = Release|Any CPU
		{A0AE0713-E34E-48B6-B723-D773408A9BA9}.Debug|x64.ActiveCfg = Debug|x64
		{A0AE0713-E34E-48B6-B723-D773408A9BA9}.Debug|x64.Build.0 = Debug|x64
		{A0AE0713-E34E-48B6-B723-D773408A9BA9}.Debug|Any CPU.ActiveCfg = Debug|Any CPU
		{A0AE0713-E34E-48B6-B723-D773408A9BA9}.Debug|Any CPU.Build.0 = Debug|Any CPU
		{A0AE0713-E34E-48B6-B723-D773408A9BA9}.Debug|x86.ActiveCfg = Debug|Any CPU
		{A0AE0713-E34E-48B6-B723-D773408A9BA9}.Debug|x86.Build.0 = Debug|Any CPU
		{A0AE0713-E34E-48B6-B723-D773408A9BA9}.Release|x64.ActiveCfg = Release|x64
		{A0AE0713-E34E-48B6-B723-D773408A9BA9}.Release|x64.Build.0 = Release|x64
		{A0AE0713-E34E-48B6-B723-D773408A9BA9}.Release|Any CPU.ActiveCfg = Release|Any CPU
		{A0AE0713-E34E-48B6-B723-D773408A9BA9}.Release|Any CPU.Build.0 = Release|Any CPU
		{A0AE0713-E34E-48B6-B723-D773408A9BA9}.Release|x86.ActiveCfg = Release|Any CPU
		{A0AE0713-E34E-48B6-B723-D773408A9BA9}.Release|x86.Build.0 = Release|Any CPU
		{AA02BB99-9265-43E0-B582-C11A70118E19}.Debug|x64.ActiveCfg = Debug|x64
		{AA02BB99-9265-43E0-B582-C11A70118E19}.Debug|x64.Build.0 = Debug|x64
		{AA02BB99-9265-43E0-B582-C11A70118E19}.Debug|Any CPU.ActiveCfg = Debug|Any CPU
		{AA02BB99-9265-43E0-B582-C11A70118E19}.Debug|Any CPU.Build.0 = Debug|Any CPU
		{AA02BB99-9265-43E0-B582-C11A70118E19}.Debug|x86.ActiveCfg = Debug|Any CPU
		{AA02BB99-9265-43E0-B582-C11A70118E19}.Debug|x86.Build.0 = Debug|Any CPU
		{AA02BB99-9265-43E0-B582-C11A70118E19}.Release|x64.ActiveCfg = Release|x64
		{AA02BB99-9265-43E0-B582-C11A70118E19}.Release|x64.Build.0 = Release|x64
		{AA02BB99-9265-43E0-B582-C11A70118E19}.Release|Any CPU.ActiveCfg = Release|Any CPU
		{AA02BB99-9265-43E0-B582-C11A70118E19}.Release|Any CPU.Build.0 = Release|Any CPU
		{AA02BB99-9265-43E0-B582-C11A70118E19}.Release|x86.ActiveCfg = Release|Any CPU
		{AA02BB99-9265-43E0-B582-C11A70118E19}.Release|x86.Build.0 = Release|Any CPU
		{6D679B74-0389-46DC-94FA-07DF3A7D457D}.Debug|x64.ActiveCfg = Debug|Any CPU
		{6D679B74-0389-46DC-94FA-07DF3A7D457D}.Debug|x64.Build.0 = Debug|Any CPU
		{6D679B74-0389-46DC-94FA-07DF3A7D457D}.Debug|Any CPU.ActiveCfg = Debug|Any CPU
		{6D679B74-0389-46DC-94FA-07DF3A7D457D}.Debug|Any CPU.Build.0 = Debug|Any CPU
		{6D679B74-0389-46DC-94FA-07DF3A7D457D}.Debug|x86.ActiveCfg = Debug|Any CPU
		{6D679B74-0389-46DC-94FA-07DF3A7D457D}.Debug|x86.Build.0 = Debug|Any CPU
		{6D679B74-0389-46DC-94FA-07DF3A7D457D}.Release|x64.ActiveCfg = Release|Any CPU
		{6D679B74-0389-46DC-94FA-07DF3A7D457D}.Release|x64.Build.0 = Release|Any CPU
		{6D679B74-0389-46DC-94FA-07DF3A7D457D}.Release|Any CPU.ActiveCfg = Release|Any CPU
		{6D679B74-0389-46DC-94FA-07DF3A7D457D}.Release|Any CPU.Build.0 = Release|Any CPU
		{6D679B74-0389-46DC-94FA-07DF3A7D457D}.Release|x86.ActiveCfg = Release|Any CPU
		{6D679B74-0389-46DC-94FA-07DF3A7D457D}.Release|x86.Build.0 = Release|Any CPU
	EndGlobalSection
	GlobalSection(SolutionProperties) = preSolution
		HideSolutionNode = FALSE
	EndGlobalSection
	GlobalSection(NestedProjects) = preSolution
		{6D679B74-0389-46DC-94FA-07DF3A7D457D} = {827E0CD3-B72D-47B6-A68D-7590B98EB39B}
	EndGlobalSection
EndGlobal
